
Microsoft Visual Studio Solution File, Format Version 12.00
# Visual Studio Version 16
VisualStudioVersion = 16.0.30907.101
MinimumVisualStudioVersion = 10.0.40219.1
Project("{FAE04EC0-301F-11D3-BF4B-00C04F79EFBC}") = "NQueen.ConsoleApp", "NQueen.ConsoleApp\NQueen.ConsoleApp.csproj", "{61D38F22-2C66-4D3F-B681-1F96C69C4F60}"
EndProject
Project("{9A19103F-16F7-4668-BE54-9A1E7A4F7556}") = "NQueen.Kernel", "NQueen.Kernel\NQueen.Kernel.csproj", "{230A9605-FEA6-4476-9CF6-C7B6182EE7CC}"
EndProject
Project("{9A19103F-16F7-4668-BE54-9A1E7A4F7556}") = "NQueen.Shared", "NQueen.Shared\NQueen.Shared.csproj", "{F37323BE-0AE4-47A1-B0BC-F07A07929AE6}"
EndProject
Project("{9A19103F-16F7-4668-BE54-9A1E7A4F7556}") = "NQueen.Tests", "NQueen.Tests\NQueen.Tests.csproj", "{B35FFA8F-252B-4556-8CBF-65CA5F0F94CA}"
EndProject
Global
	GlobalSection(SolutionConfigurationPlatforms) = preSolution
		Debug|Any CPU = Debug|Any CPU
		Release|Any CPU = Release|Any CPU
	EndGlobalSection
	GlobalSection(ProjectConfigurationPlatforms) = postSolution
		{61D38F22-2C66-4D3F-B681-1F96C69C4F60}.Debug|Any CPU.ActiveCfg = Debug|Any CPU
		{61D38F22-2C66-4D3F-B681-1F96C69C4F60}.Debug|Any CPU.Build.0 = Debug|Any CPU
		{61D38F22-2C66-4D3F-B681-1F96C69C4F60}.Release|Any CPU.ActiveCfg = Release|Any CPU
		{61D38F22-2C66-4D3F-B681-1F96C69C4F60}.Release|Any CPU.Build.0 = Release|Any CPU
		{230A9605-FEA6-4476-9CF6-C7B6182EE7CC}.Debug|Any CPU.ActiveCfg = Debug|Any CPU
		{230A9605-FEA6-4476-9CF6-C7B6182EE7CC}.Debug|Any CPU.Build.0 = Debug|Any CPU
		{230A9605-FEA6-4476-9CF6-C7B6182EE7CC}.Release|Any CPU.ActiveCfg = Release|Any CPU
		{230A9605-FEA6-4476-9CF6-C7B6182EE7CC}.Release|Any CPU.Build.0 = Release|Any CPU
		{F37323BE-0AE4-47A1-B0BC-F07A07929AE6}.Debug|Any CPU.ActiveCfg = Debug|Any CPU
		{F37323BE-0AE4-47A1-B0BC-F07A07929AE6}.Debug|Any CPU.Build.0 = Debug|Any CPU
		{F37323BE-0AE4-47A1-B0BC-F07A07929AE6}.Release|Any CPU.ActiveCfg = Release|Any CPU
		{F37323BE-0AE4-47A1-B0BC-F07A07929AE6}.Release|Any CPU.Build.0 = Release|Any CPU
		{B35FFA8F-252B-4556-8CBF-65CA5F0F94CA}.Debug|Any CPU.ActiveCfg = Debug|Any CPU
		{B35FFA8F-252B-4556-8CBF-65CA5F0F94CA}.Debug|Any CPU.Build.0 = Debug|Any CPU
		{B35FFA8F-252B-4556-8CBF-65CA5F0F94CA}.Release|Any CPU.ActiveCfg = Release|Any CPU
		{B35FFA8F-252B-4556-8CBF-65CA5F0F94CA}.Release|Any CPU.Build.0 = Release|Any CPU
	EndGlobalSection
	GlobalSection(SolutionProperties) = preSolution
		HideSolutionNode = FALSE
	EndGlobalSection
	GlobalSection(ExtensibilityGlobals) = postSolution
		SolutionGuid = {469351F3-BED0-472E-A6C8-D4483DF3D232}
	EndGlobalSection
EndGlobal
